{
  "name": "codform-web-pixel",
  "version": "1.0.0",
  "lockfileVersion": 3,
  "requires": true,
  "packages": {
    "": {
      "name": "codform-web-pixel",
      "version": "1.0.0",
      "dependencies": {
        "@shopify/web-pixels-extension": "^0.4.0"
      }
    },
    "node_modules/@shopify/web-pixels-extension": {
      "version": "0.4.22",
      "resolved": "https://registry.npmjs.org/@shopify/web-pixels-extension/-/web-pixels-extension-0.4.22.tgz",
      "integrity": "sha512-F4Yg/GWdr40Ub81Gh7C+ce/JijFLe0NJMtRQxAGOKlIQf/zwnIaJg90uPY5FpI/YP8OTYxaYQ6xX/c7r5eLL9Q==",
      "license": "MIT"
    }
  }
}
